
Microsoft Visual Studio Solution File, Format Version 12.00
# Visual Studio Version 17
VisualStudioVersion = 17.5.33627.172
MinimumVisualStudioVersion = 10.0.40219.1
Project("{FAE04EC0-301F-11D3-BF4B-00C04F79EFBC}") = "SuperHeroAPI", "SuperHeroAPI.csproj", "{4BDF9CB0-0471-48F2-909F-5A5E55838723}"
EndProject
Global
	GlobalSection(SolutionConfigurationPlatforms) = preSolution
		Debug|Any CPU = Debug|Any CPU
		Release|Any CPU = Release|Any CPU
	EndGlobalSection
	GlobalSection(ProjectConfigurationPlatforms) = postSolution
		{4BDF9CB0-0471-48F2-909F-5A5E55838723}.Debug|Any CPU.ActiveCfg = Debug|Any CPU
		{4BDF9CB0-0471-48F2-909F-5A5E55838723}.Debug|Any CPU.Build.0 = Debug|Any CPU
		{4BDF9CB0-0471-48F2-909F-5A5E55838723}.Release|Any CPU.ActiveCfg = Release|Any CPU
		{4BDF9CB0-0471-48F2-909F-5A5E55838723}.Release|Any CPU.Build.0 = Release|Any CPU
	EndGlobalSection
	GlobalSection(SolutionProperties) = preSolution
		HideSolutionNode = FALSE
	EndGlobalSection
	GlobalSection(ExtensibilityGlobals) = postSolution
		SolutionGuid = {5A76E825-461A-4B3C-B596-C879D6637800}
	EndGlobalSection
EndGlobal
